
Microsoft Visual Studio Solution File, Format Version 12.00
# Visual Studio 2013
VisualStudioVersion = 12.0.40629.0
MinimumVisualStudioVersion = 10.0.40219.1
Project("{8BC9CEB8-8B4A-11D0-8D11-00A0C91BC942}") = "01_HelloWorld", "01_HelloWorld\01_HelloWorld.vcxproj", "{E4FB36D9-FC11-4FB9-8D7E-FAD4052E5BFA}"
EndProject
Project("{8BC9CEB8-8B4A-11D0-8D11-00A0C91BC942}") = "02_VectorAdd", "02_VectorAdd\02_VectorAdd.vcxproj", "{02713FAF-FB16-4549-A166-392992294EC0}"
EndProject
Project("{8BC9CEB8-8B4A-11D0-8D11-00A0C91BC942}") = "03_MatrixAdd", "03_MatrixAdd\03_MatrixAdd.vcxproj", "{40892784-21E1-4D58-9E60-90C0E48D4BFE}"
EndProject
Project("{8BC9CEB8-8B4A-11D0-8D11-00A0C91BC942}") = "04_MatrixMult", "04_MatrixMult\04_MatrixMult.vcxproj", "{14A069C2-076E-4FF5-9F08-F1F9BD1023AF}"
EndProject
Project("{8BC9CEB8-8B4A-11D0-8D11-00A0C91BC942}") = "05_BlockId", "05_BlockId\05_BlockId.vcxproj", "{BBD023A3-4033-46BA-BF04-27F1D0BC9226}"
EndProject
Project("{8BC9CEB8-8B4A-11D0-8D11-00A0C91BC942}") = "06_RaceCondition", "06_RaceCondition\06_RaceCondition.vcxproj", "{5D3BA7A3-5AF3-45C9-BAFC-85D1A687BD32}"
EndProject
Project("{8BC9CEB8-8B4A-11D0-8D11-00A0C91BC942}") = "07_AtomicAdd", "07_AtomicAdd\07_AtomicAdd.vcxproj", "{7FAD5EB8-B863-4840-940B-1E0FE0B4E213}"
EndProject
Project("{8BC9CEB8-8B4A-11D0-8D11-00A0C91BC942}") = "08_Reduction", "08_Reduction\08_Reduction.vcxproj", "{823EA567-5D59-4804-AAE2-9EE4B3399133}"
EndProject
Project("{8BC9CEB8-8B4A-11D0-8D11-00A0C91BC942}") = "09_HistogramCalculate", "09_HistogramCalculate\09_HistogramCalculate.vcxproj", "{36EA0AED-0AAC-48D9-BEE3-0B25A7FE1BD7}"
EndProject
Global
	GlobalSection(SolutionConfigurationPlatforms) = preSolution
		Debug|Win32 = Debug|Win32
		Debug|x64 = Debug|x64
		Release|Win32 = Release|Win32
		Release|x64 = Release|x64
	EndGlobalSection
	GlobalSection(ProjectConfigurationPlatforms) = postSolution
		{E4FB36D9-FC11-4FB9-8D7E-FAD4052E5BFA}.Debug|Win32.ActiveCfg = Debug|Win32
		{E4FB36D9-FC11-4FB9-8D7E-FAD4052E5BFA}.Debug|Win32.Build.0 = Debug|Win32
		{E4FB36D9-FC11-4FB9-8D7E-FAD4052E5BFA}.Debug|x64.ActiveCfg = Debug|x64
		{E4FB36D9-FC11-4FB9-8D7E-FAD4052E5BFA}.Debug|x64.Build.0 = Debug|x64
		{E4FB36D9-FC11-4FB9-8D7E-FAD4052E5BFA}.Release|Win32.ActiveCfg = Release|Win32
		{E4FB36D9-FC11-4FB9-8D7E-FAD4052E5BFA}.Release|Win32.Build.0 = Release|Win32
		{E4FB36D9-FC11-4FB9-8D7E-FAD4052E5BFA}.Release|x64.ActiveCfg = Release|x64
		{E4FB36D9-FC11-4FB9-8D7E-FAD4052E5BFA}.Release|x64.Build.0 = Release|x64
		{02713FAF-FB16-4549-A166-392992294EC0}.Debug|Win32.ActiveCfg = Debug|Win32
		{02713FAF-FB16-4549-A166-392992294EC0}.Debug|Win32.Build.0 = Debug|Win32
		{02713FAF-FB16-4549-A166-392992294EC0}.Debug|x64.ActiveCfg = Debug|x64
		{02713FAF-FB16-4549-A166-392992294EC0}.Debug|x64.Build.0 = Debug|x64
		{02713FAF-FB16-4549-A166-392992294EC0}.Release|Win32.ActiveCfg = Release|Win32
		{02713FAF-FB16-4549-A166-392992294EC0}.Release|Win32.Build.0 = Release|Win32
		{02713FAF-FB16-4549-A166-392992294EC0}.Release|x64.ActiveCfg = Release|x64
		{02713FAF-FB16-4549-A166-392992294EC0}.Release|x64.Build.0 = Release|x64
		{40892784-21E1-4D58-9E60-90C0E48D4BFE}.Debug|Win32.ActiveCfg = Debug|Win32
		{40892784-21E1-4D58-9E60-90C0E48D4BFE}.Debug|Win32.Build.0 = Debug|Win32
		{40892784-21E1-4D58-9E60-90C0E48D4BFE}.Debug|x64.ActiveCfg = Debug|x64
		{40892784-21E1-4D58-9E60-90C0E48D4BFE}.Debug|x64.Build.0 = Debug|x64
		{40892784-21E1-4D58-9E60-90C0E48D4BFE}.Release|Win32.ActiveCfg = Release|Win32
		{40892784-21E1-4D58-9E60-90C0E48D4BFE}.Release|Win32.Build.0 = Release|Win32
		{40892784-21E1-4D58-9E60-90C0E48D4BFE}.Release|x64.ActiveCfg = Release|x64
		{40892784-21E1-4D58-9E60-90C0E48D4BFE}.Release|x64.Build.0 = Release|x64
		{14A069C2-076E-4FF5-9F08-F1F9BD1023AF}.Debug|Win32.ActiveCfg = Debug|Win32
		{14A069C2-076E-4FF5-9F08-F1F9BD1023AF}.Debug|Win32.Build.0 = Debug|Win32
		{14A069C2-076E-4FF5-9F08-F1F9BD1023AF}.Debug|x64.ActiveCfg = Debug|x64
		{14A069C2-076E-4FF5-9F08-F1F9BD1023AF}.Debug|x64.Build.0 = Debug|x64
		{14A069C2-076E-4FF5-9F08-F1F9BD1023AF}.Release|Win32.ActiveCfg = Release|Win32
		{14A069C2-076E-4FF5-9F08-F1F9BD1023AF}.Release|Win32.Build.0 = Release|Win32
		{14A069C2-076E-4FF5-9F08-F1F9BD1023AF}.Release|x64.ActiveCfg = Release|x64
		{14A069C2-076E-4FF5-9F08-F1F9BD1023AF}.Release|x64.Build.0 = Release|x64
		{BBD023A3-4033-46BA-BF04-27F1D0BC9226}.Debug|Win32.ActiveCfg = Debug|Win32
		{BBD023A3-4033-46BA-BF04-27F1D0BC9226}.Debug|Win32.Build.0 = Debug|Win32
		{BBD023A3-4033-46BA-BF04-27F1D0BC9226}.Debug|x64.ActiveCfg = Debug|x64
		{BBD023A3-4033-46BA-BF04-27F1D0BC9226}.Debug|x64.Build.0 = Debug|x64
		{BBD023A3-4033-46BA-BF04-27F1D0BC9226}.Release|Win32.ActiveCfg = Release|Win32
		{BBD023A3-4033-46BA-BF04-27F1D0BC9226}.Release|Win32.Build.0 = Release|Win32
		{BBD023A3-4033-46BA-BF04-27F1D0BC9226}.Release|x64.ActiveCfg = Release|x64
		{BBD023A3-4033-46BA-BF04-27F1D0BC9226}.Release|x64.Build.0 = Release|x64
		{5D3BA7A3-5AF3-45C9-BAFC-85D1A687BD32}.Debug|Win32.ActiveCfg = Debug|Win32
		{5D3BA7A3-5AF3-45C9-BAFC-85D1A687BD32}.Debug|Win32.Build.0 = Debug|Win32
		{5D3BA7A3-5AF3-45C9-BAFC-85D1A687BD32}.Debug|x64.ActiveCfg = Debug|x64
		{5D3BA7A3-5AF3-45C9-BAFC-85D1A687BD32}.Debug|x64.Build.0 = Debug|x64
		{5D3BA7A3-5AF3-45C9-BAFC-85D1A687BD32}.Release|Win32.ActiveCfg = Release|Win32
		{5D3BA7A3-5AF3-45C9-BAFC-85D1A687BD32}.Release|Win32.Build.0 = Release|Win32
		{5D3BA7A3-5AF3-45C9-BAFC-85D1A687BD32}.Release|x64.ActiveCfg = Release|x64
		{5D3BA7A3-5AF3-45C9-BAFC-85D1A687BD32}.Release|x64.Build.0 = Release|x64
		{7FAD5EB8-B863-4840-940B-1E0FE0B4E213}.Debug|Win32.ActiveCfg = Debug|Win32
		{7FAD5EB8-B863-4840-940B-1E0FE0B4E213}.Debug|Win32.Build.0 = Debug|Win32
		{7FAD5EB8-B863-4840-940B-1E0FE0B4E213}.Debug|x64.ActiveCfg = Debug|x64
		{7FAD5EB8-B863-4840-940B-1E0FE0B4E213}.Debug|x64.Build.0 = Debug|x64
		{7FAD5EB8-B863-4840-940B-1E0FE0B4E213}.Release|Win32.ActiveCfg = Release|Win32
		{7FAD5EB8-B863-4840-940B-1E0FE0B4E213}.Release|Win32.Build.0 = Release|Win32
		{7FAD5EB8-B863-4840-940B-1E0FE0B4E213}.Release|x64.ActiveCfg = Release|x64
		{7FAD5EB8-B863-4840-940B-1E0FE0B4E213}.Release|x64.Build.0 = Release|x64
		{823EA567-5D59-4804-AAE2-9EE4B3399133}.Debug|Win32.ActiveCfg = Debug|Win32
		{823EA567-5D59-4804-AAE2-9EE4B3399133}.Debug|Win32.Build.0 = Debug|Win32
		{823EA567-5D59-4804-AAE2-9EE4B3399133}.Debug|x64.ActiveCfg = Debug|x64
		{823EA567-5D59-4804-AAE2-9EE4B3399133}.Debug|x64.Build.0 = Debug|x64
		{823EA567-5D59-4804-AAE2-9EE4B3399133}.Release|Win32.ActiveCfg = Release|Win32
		{823EA567-5D59-4804-AAE2-9EE4B3399133}.Release|Win32.Build.0 = Release|Win32
		{823EA567-5D59-4804-AAE2-9EE4B3399133}.Release|x64.ActiveCfg = Release|x64
		{823EA567-5D59-4804-AAE2-9EE4B3399133}.Release|x64.Build.0 = Release|x64
		{36EA0AED-0AAC-48D9-BEE3-0B25A7FE1BD7}.Debug|Win32.ActiveCfg = Debug|Win32
		{36EA0AED-0AAC-48D9-BEE3-0B25A7FE1BD7}.Debug|Win32.Build.0 = Debug|Win32
		{36EA0AED-0AAC-48D9-BEE3-0B25A7FE1BD7}.Debug|x64.ActiveCfg = Debug|x64
		{36EA0AED-0AAC-48D9-BEE3-0B25A7FE1BD7}.Debug|x64.Build.0 = Debug|x64
		{36EA0AED-0AAC-48D9-BEE3-0B25A7FE1BD7}.Release|Win32.ActiveCfg = Release|Win32
		{36EA0AED-0AAC-48D9-BEE3-0B25A7FE1BD7}.Release|Win32.Build.0 = Release|Win32
		{36EA0AED-0AAC-48D9-BEE3-0B25A7FE1BD7}.Release|x64.ActiveCfg = Release|x64
		{36EA0AED-0AAC-48D9-BEE3-0B25A7FE1BD7}.Release|x64.Build.0 = Release|x64
	EndGlobalSection
	GlobalSection(SolutionProperties) = preSolution
		HideSolutionNode = FALSE
	EndGlobalSection
EndGlobal
